
Microsoft Visual Studio Solution File, Format Version 12.00
# Visual Studio Version 16
VisualStudioVersion = 16.0.30621.155
MinimumVisualStudioVersion = 10.0.40219.1
Project("{FAE04EC0-301F-11D3-BF4B-00C04F79EFBC}") = "OrchardCore.CreativeTheme", "OrchardCore.CreativeTheme\OrchardCore.CreativeTheme.csproj", "{D3B0A4D5-853F-4B06-9227-333E249FE79C}"
EndProject
Project("{2150E333-8FDC-42A3-9474-1A3956D46DE8}") = "Solution Items", "Solution Items", "{304F5BD7-D6AC-4982-AB21-B0DD9990C9DE}"
	ProjectSection(SolutionItems) = preProject
		NuGet.config = NuGet.config
	EndProjectSection
EndProject
Global
	GlobalSection(SolutionConfigurationPlatforms) = preSolution
		Debug|Any CPU = Debug|Any CPU
		Release|Any CPU = Release|Any CPU
	EndGlobalSection
	GlobalSection(ProjectConfigurationPlatforms) = postSolution
		{D3B0A4D5-853F-4B06-9227-333E249FE79C}.Debug|Any CPU.ActiveCfg = Debug|Any CPU
		{D3B0A4D5-853F-4B06-9227-333E249FE79C}.Debug|Any CPU.Build.0 = Debug|Any CPU
		{D3B0A4D5-853F-4B06-9227-333E249FE79C}.Release|Any CPU.ActiveCfg = Release|Any CPU
		{D3B0A4D5-853F-4B06-9227-333E249FE79C}.Release|Any CPU.Build.0 = Release|Any CPU
	EndGlobalSection
	GlobalSection(SolutionProperties) = preSolution
		HideSolutionNode = FALSE
	EndGlobalSection
	GlobalSection(ExtensibilityGlobals) = postSolution
		SolutionGuid = {2B136329-FC3C-4769-82E1-5349E135B45E}
	EndGlobalSection
EndGlobal
